PODS:
  - SmileLock (2.0.0)
  - XCTest-Gherkin (0.9.0):
    - XCTest-Gherkin/Core (= 0.9.0)
  - XCTest-Gherkin/Core (0.9.0)
  - XCTest-Gherkin/Native (0.9.0):
    - XCTest-Gherkin/Core

DEPENDENCIES:
  - SmileLock
  - XCTest-Gherkin
  - XCTest-Gherkin/Native

SPEC CHECKSUMS:
  SmileLock: ee34bf37e824c8afc71217fccc2b2bee5510db64
  XCTest-Gherkin: 1b4a3a1ee6e464f2223dea67fbea16bb58cf0c07

PODFILE CHECKSUM: 67355727c625f7ea21d3d06e7f42ef833ca70325

COCOAPODS: 1.1.1
