PODS:
  - SmileLock (2.0.0)
  - XCTest-Gherkin (0.9.0):
    - XCTest-Gherkin/Core (= 0.9.0)
  - XCTest-Gherkin/Core (0.9.0)
  - XCTest-Gherkin/Native (0.9.0):
    - XCTest-Gherkin/Core

DEPENDENCIES:
  - SmileLock
  - XCTest-Gherkin
  - XCTest-Gherkin/Native (= 0.9.0)

SPEC CHECKSUMS:
  SmileLock: ee34bf37e824c8afc71217fccc2b2bee5510db64
  XCTest-Gherkin: 1b4a3a1ee6e464f2223dea67fbea16bb58cf0c07

PODFILE CHECKSUM: df66631ed4e42ba3dcd6a3aaf57ac696523b1ebf

COCOAPODS: 1.3.1
