// !$*UTF8*$!
{
	archiveVersion = 1;
	classes = {
	};
	objectVersion = 46;
	objects = {

/* Begin PBXBuildFile section */
		814A182F2C3DA19B235589E6 /* Pods_PuzzleUITests.framework in Frameworks */ = {isa = PBXBuildFile; fileRef = A1FD062B87F60170F3BBF6C2 /* Pods_PuzzleUITests.framework */; };
		9A8637A94D21498BC7E280AC /* Pods_Puzzle.framework in Frameworks */ = {isa = PBXBuildFile; fileRef = 8C24BE8BE35716B54E82453D /* Pods_Puzzle.framework */; };
		B1673D0A1E3CC85F004600AB /* AccountCreationVC+AccountCreationDelegate.swift in Sources */ = {isa = PBXBuildFile; fileRef = B1673D071E3CC85F004600AB /* AccountCreationVC+AccountCreationDelegate.swift */; };
		B1673D0B1E3CC85F004600AB /* AccountCreationVC+KeyboardNotification.swift in Sources */ = {isa = PBXBuildFile; fileRef = B1673D081E3CC85F004600AB /* AccountCreationVC+KeyboardNotification.swift */; };
		B1673D0C1E3CC85F004600AB /* AccountCreationVC+TextFieldDelegate.swift in Sources */ = {isa = PBXBuildFile; fileRef = B1673D091E3CC85F004600AB /* AccountCreationVC+TextFieldDelegate.swift */; };
		B1673D0E1E3CC874004600AB /* ChildSelectionVC+AutoLayout.swift in Sources */ = {isa = PBXBuildFile; fileRef = B1673D0D1E3CC874004600AB /* ChildSelectionVC+AutoLayout.swift */; };
		B1673D121E3CC87E004600AB /* ChildCreationVC+ChildCreationDelegate.swift in Sources */ = {isa = PBXBuildFile; fileRef = B1673D0F1E3CC87E004600AB /* ChildCreationVC+ChildCreationDelegate.swift */; };
		B1673D131E3CC87E004600AB /* ChildCreationVC+KeyboardNotification.swift in Sources */ = {isa = PBXBuildFile; fileRef = B1673D101E3CC87E004600AB /* ChildCreationVC+KeyboardNotification.swift */; };
		B1673D141E3CC87E004600AB /* ChildCreationVC+TextFieldDelegate.swift in Sources */ = {isa = PBXBuildFile; fileRef = B1673D111E3CC87E004600AB /* ChildCreationVC+TextFieldDelegate.swift */; };
		B1673D181E3CC88A004600AB /* LoginVC+LoginDelegate.swift in Sources */ = {isa = PBXBuildFile; fileRef = B1673D151E3CC88A004600AB /* LoginVC+LoginDelegate.swift */; };
		B1673D191E3CC88A004600AB /* LoginVC+KeyboardNotification.swift in Sources */ = {isa = PBXBuildFile; fileRef = B1673D161E3CC88A004600AB /* LoginVC+KeyboardNotification.swift */; };
		B1673D1A1E3CC88A004600AB /* LoginVC+TextFieldDelegate.swift in Sources */ = {isa = PBXBuildFile; fileRef = B1673D171E3CC88A004600AB /* LoginVC+TextFieldDelegate.swift */; };
		B1673D251E3CF091004600AB /* UIButton+Design.swift in Sources */ = {isa = PBXBuildFile; fileRef = B1673D231E3CF091004600AB /* UIButton+Design.swift */; };
		B1673D261E3CF091004600AB /* UIButton+IntrinsicContentSize.swift in Sources */ = {isa = PBXBuildFile; fileRef = B1673D241E3CF091004600AB /* UIButton+IntrinsicContentSize.swift */; };
		B1673D281E3CF09F004600AB /* UIColor+Design.swift in Sources */ = {isa = PBXBuildFile; fileRef = B1673D271E3CF09F004600AB /* UIColor+Design.swift */; };
		B1673D2A1E3CF0AF004600AB /* UIFont+HelveticaNeue.swift in Sources */ = {isa = PBXBuildFile; fileRef = B1673D291E3CF0AF004600AB /* UIFont+HelveticaNeue.swift */; };
		B1673D2C1E3CF0BC004600AB /* UILabel+Design.swift in Sources */ = {isa = PBXBuildFile; fileRef = B1673D2B1E3CF0BC004600AB /* UILabel+Design.swift */; };
		B1673D2E1E3CF0C9004600AB /* UITextField+Design.swift in Sources */ = {isa = PBXBuildFile; fileRef = B1673D2D1E3CF0C9004600AB /* UITextField+Design.swift */; };
		B1673D301E3CF0D8004600AB /* UIView+Constraints.swift in Sources */ = {isa = PBXBuildFile; fileRef = B1673D2F1E3CF0D8004600AB /* UIView+Constraints.swift */; };
		B1673D321E3CF0E7004600AB /* Date+Format.swift in Sources */ = {isa = PBXBuildFile; fileRef = B1673D311E3CF0E7004600AB /* Date+Format.swift */; };
		B1673D361E3CF0FE004600AB /* String+Validation.swift in Sources */ = {isa = PBXBuildFile; fileRef = B1673D331E3CF0FE004600AB /* String+Validation.swift */; };
		B1673D371E3CF0FE004600AB /* String+VisualFormat.swift in Sources */ = {isa = PBXBuildFile; fileRef = B1673D341E3CF0FE004600AB /* String+VisualFormat.swift */; };
		B1673D381E3CF0FE004600AB /* String+Uid.swift in Sources */ = {isa = PBXBuildFile; fileRef = B1673D351E3CF0FE004600AB /* String+Uid.swift */; };
		B1673D3A1E41445A004600AB /* UserObject.swift in Sources */ = {isa = PBXBuildFile; fileRef = B1673D391E41445A004600AB /* UserObject.swift */; };
		B1D05A551E36953500AB0D87 /* Login.swift in Sources */ = {isa = PBXBuildFile; fileRef = B1D05A541E36953500AB0D87 /* Login.swift */; };
		B1D05A571E36953C00AB0D87 /* AccountCreation.swift in Sources */ = {isa = PBXBuildFile; fileRef = B1D05A561E36953C00AB0D87 /* AccountCreation.swift */; };
		B1D05A5A1E36956D00AB0D87 /* LoginSteps.swift in Sources */ = {isa = PBXBuildFile; fileRef = B1D05A581E36956D00AB0D87 /* LoginSteps.swift */; };
		B1D05A5B1E36956D00AB0D87 /* AccountCreationSteps.swift in Sources */ = {isa = PBXBuildFile; fileRef = B1D05A591E36956D00AB0D87 /* AccountCreationSteps.swift */; };
		B1D05A7F1E36A72800AB0D87 /* Puzzle.xcdatamodeld in Sources */ = {isa = PBXBuildFile; fileRef = B1D05A7A1E36A72800AB0D87 /* Puzzle.xcdatamodeld */; };
		B1D05A801E36A72800AB0D87 /* AppDelegate.swift in Sources */ = {isa = PBXBuildFile; fileRef = B1D05A7C1E36A72800AB0D87 /* AppDelegate.swift */; };
		B1D05A821E36A72800AB0D87 /* Info.plist in Resources */ = {isa = PBXBuildFile; fileRef = B1D05A7E1E36A72800AB0D87 /* Info.plist */; };
		B1D05A861E36A73400AB0D87 /* LoginVM.swift in Sources */ = {isa = PBXBuildFile; fileRef = B1D05A841E36A73400AB0D87 /* LoginVM.swift */; };
		B1D05A8B1E36A73D00AB0D87 /* Children.swift in Sources */ = {isa = PBXBuildFile; fileRef = B1D05A871E36A73D00AB0D87 /* Children.swift */; };
		B1D05A8C1E36A73D00AB0D87 /* User+Properties.swift in Sources */ = {isa = PBXBuildFile; fileRef = B1D05A881E36A73D00AB0D87 /* User+Properties.swift */; };
		B1D05A8D1E36A73D00AB0D87 /* Children+Properties.swift in Sources */ = {isa = PBXBuildFile; fileRef = B1D05A891E36A73D00AB0D87 /* Children+Properties.swift */; };
		B1D05A8E1E36A73D00AB0D87 /* User.swift in Sources */ = {isa = PBXBuildFile; fileRef = B1D05A8A1E36A73D00AB0D87 /* User.swift */; };
		B1D05A961E36A75000AB0D87 /* LoginVC.swift in Sources */ = {isa = PBXBuildFile; fileRef = B1D05A951E36A75000AB0D87 /* LoginVC.swift */; };
		B1D05A9B1E36A75800AB0D87 /* LaunchScreen.storyboard in Resources */ = {isa = PBXBuildFile; fileRef = B1D05A971E36A75800AB0D87 /* LaunchScreen.storyboard */; };
		B1D05A9C1E36A75800AB0D87 /* Main.storyboard in Resources */ = {isa = PBXBuildFile; fileRef = B1D05A991E36A75800AB0D87 /* Main.storyboard */; };
		B1D05ACB1E36BAC700AB0D87 /* AccountCreationVM.swift in Sources */ = {isa = PBXBuildFile; fileRef = B1D05ACA1E36BAC700AB0D87 /* AccountCreationVM.swift */; };
		B1D05AD31E36BADD00AB0D87 /* AccountCreationVC.swift in Sources */ = {isa = PBXBuildFile; fileRef = B1D05AD21E36BADD00AB0D87 /* AccountCreationVC.swift */; };
		B1D05AF81E36C5E400AB0D87 /* Assets.xcassets in Resources */ = {isa = PBXBuildFile; fileRef = B1D05AF71E36C5E400AB0D87 /* Assets.xcassets */; };
		B1D05AFB1E36CC0A00AB0D87 /* Localizable.strings in Resources */ = {isa = PBXBuildFile; fileRef = B1D05AF91E36CC0A00AB0D87 /* Localizable.strings */; };
		B3380680E7BA085A56A2207F /* Pods_PuzzleTests.framework in Frameworks */ = {isa = PBXBuildFile; fileRef = FD8F1F5F7FB5B095018E5C4F /* Pods_PuzzleTests.framework */; };
		B410F6B41E4206B700598D36 /* GameMenuVC.swift in Sources */ = {isa = PBXBuildFile; fileRef = B410F6B31E4206B700598D36 /* GameMenuVC.swift */; };
		B410F6B61E420E1F00598D36 /* ChildObject.swift in Sources */ = {isa = PBXBuildFile; fileRef = B410F6B51E420E1F00598D36 /* ChildObject.swift */; };
		B410F6C21E433B0200598D36 /* AccountCreationVC+PasscodeDelegate.swift in Sources */ = {isa = PBXBuildFile; fileRef = B410F6C11E433B0200598D36 /* AccountCreationVC+PasscodeDelegate.swift */; };
		B410F6C51E4346C900598D36 /* GameMenuVC+PasscodeDelegate.swift in Sources */ = {isa = PBXBuildFile; fileRef = B410F6C41E4346C900598D36 /* GameMenuVC+PasscodeDelegate.swift */; };
		B410F6CA1E4347E200598D36 /* PasscodeVC+PasswordInputCompleteProtocol.swift in Sources */ = {isa = PBXBuildFile; fileRef = B410F6C91E4347E200598D36 /* PasscodeVC+PasswordInputCompleteProtocol.swift */; };
		B410F6CC1E4347EC00598D36 /* PasscodeVC.swift in Sources */ = {isa = PBXBuildFile; fileRef = B410F6CB1E4347EC00598D36 /* PasscodeVC.swift */; };
		B41447801E37B7B4003064C0 /* XCUIElement+Paste.swift in Sources */ = {isa = PBXBuildFile; fileRef = B414477F1E37B7B4003064C0 /* XCUIElement+Paste.swift */; };
		B457EBA41E38C2C200A72CF3 /* ChildSelectionVC.swift in Sources */ = {isa = PBXBuildFile; fileRef = B457EBA31E38C2C200A72CF3 /* ChildSelectionVC.swift */; };
		B457EBA61E38C5F200A72CF3 /* ChildSelectionVM.swift in Sources */ = {isa = PBXBuildFile; fileRef = B457EBA51E38C5F200A72CF3 /* ChildSelectionVM.swift */; };
		B457EBA81E38E24F00A72CF3 /* LoginUITests.swift in Sources */ = {isa = PBXBuildFile; fileRef = B457EBA71E38E24F00A72CF3 /* LoginUITests.swift */; };
		B457EBAA1E38E28700A72CF3 /* AccountCreationUITests.swift in Sources */ = {isa = PBXBuildFile; fileRef = B457EBA91E38E28700A72CF3 /* AccountCreationUITests.swift */; };
		B457EBAC1E38E2EE00A72CF3 /* ChildSelectionUITests.swift in Sources */ = {isa = PBXBuildFile; fileRef = B457EBAB1E38E2EE00A72CF3 /* ChildSelectionUITests.swift */; };
		B46626401E3B61EB00B372CB /* ChildCreationVC.swift in Sources */ = {isa = PBXBuildFile; fileRef = B466263F1E3B61EB00B372CB /* ChildCreationVC.swift */; };
		B46626421E3B6A9F00B372CB /* ChildCreationVM.swift in Sources */ = {isa = PBXBuildFile; fileRef = B46626411E3B6A9F00B372CB /* ChildCreationVM.swift */; };
		B4766EB91E365E3700E53F7F /* PuzzleTests.swift in Sources */ = {isa = PBXBuildFile; fileRef = B4766EB81E365E3700E53F7F /* PuzzleTests.swift */; };
		B4766EC41E365E3700E53F7F /* PuzzleUITests.swift in Sources */ = {isa = PBXBuildFile; fileRef = B4766EC31E365E3700E53F7F /* PuzzleUITests.swift */; };
		B49B06FE1E3B8998009A1B1B /* ChildCreationUITests.swift in Sources */ = {isa = PBXBuildFile; fileRef = B49B06FD1E3B8998009A1B1B /* ChildCreationUITests.swift */; };
		B49B07021E3B95CF009A1B1B /* CoreDataStack.swift in Sources */ = {isa = PBXBuildFile; fileRef = B49B07011E3B95CF009A1B1B /* CoreDataStack.swift */; };
/* End PBXBuildFile section */

/* Begin PBXContainerItemProxy section */
		B4766EB51E365E3700E53F7F /* PBXContainerItemProxy */ = {
			isa = PBXContainerItemProxy;
			containerPortal = B4766E951E365E3600E53F7F /* Project object */;
			proxyType = 1;
			remoteGlobalIDString = B4766E9C1E365E3600E53F7F;
			remoteInfo = Puzzle;
		};
		B4766EC01E365E3700E53F7F /* PBXContainerItemProxy */ = {
			isa = PBXContainerItemProxy;
			containerPortal = B4766E951E365E3600E53F7F /* Project object */;
			proxyType = 1;
			remoteGlobalIDString = B4766E9C1E365E3600E53F7F;
			remoteInfo = Puzzle;
		};
/* End PBXContainerItemProxy section */

/* Begin PBXFileReference section */
		34EBD832851B489A8D077CF9 /* Pods-PuzzleTests.debug.xcconfig */ = {isa = PBXFileReference; includeInIndex = 1; lastKnownFileType = text.xcconfig; name = "Pods-PuzzleTests.debug.xcconfig"; path = "Pods/Target Support Files/Pods-PuzzleTests/Pods-PuzzleTests.debug.xcconfig"; sourceTree = "<group>"; };
		3D99B28C0464C2FCDB9545DC /* Pods-PuzzleUITests.debug.xcconfig */ = {isa = PBXFileReference; includeInIndex = 1; lastKnownFileType = text.xcconfig; name = "Pods-PuzzleUITests.debug.xcconfig"; path = "Pods/Target Support Files/Pods-PuzzleUITests/Pods-PuzzleUITests.debug.xcconfig"; sourceTree = "<group>"; };
		74C752FE70594EC6F93B3C84 /* Pods-PuzzleTests.release.xcconfig */ = {isa = PBXFileReference; includeInIndex = 1; lastKnownFileType = text.xcconfig; name = "Pods-PuzzleTests.release.xcconfig"; path = "Pods/Target Support Files/Pods-PuzzleTests/Pods-PuzzleTests.release.xcconfig"; sourceTree = "<group>"; };
		7646BBA7D2D12A5686A2155D /* Pods-Puzzle.debug.xcconfig */ = {isa = PBXFileReference; includeInIndex = 1; lastKnownFileType = text.xcconfig; name = "Pods-Puzzle.debug.xcconfig"; path = "Pods/Target Support Files/Pods-Puzzle/Pods-Puzzle.debug.xcconfig"; sourceTree = "<group>"; };
		7BEA53F65A0FBC7B0B4BE2F0 /* Pods-PuzzleUITests.release.xcconfig */ = {isa = PBXFileReference; includeInIndex = 1; lastKnownFileType = text.xcconfig; name = "Pods-PuzzleUITests.release.xcconfig"; path = "Pods/Target Support Files/Pods-PuzzleUITests/Pods-PuzzleUITests.release.xcconfig"; sourceTree = "<group>"; };
		887E4A1CF3EDBECA75F5343B /* Pods-Puzzle.release.xcconfig */ = {isa = PBXFileReference; includeInIndex = 1; lastKnownFileType = text.xcconfig; name = "Pods-Puzzle.release.xcconfig"; path = "Pods/Target Support Files/Pods-Puzzle/Pods-Puzzle.release.xcconfig"; sourceTree = "<group>"; };
		8C24BE8BE35716B54E82453D /* Pods_Puzzle.framework */ = {isa = PBXFileReference; explicitFileType = wrapper.framework; includeInIndex = 0; path = Pods_Puzzle.framework; sourceTree = BUILT_PRODUCTS_DIR; };
		A1FD062B87F60170F3BBF6C2 /* Pods_PuzzleUITests.framework */ = {isa = PBXFileReference; explicitFileType = wrapper.framework; includeInIndex = 0; path = Pods_PuzzleUITests.framework; sourceTree = BUILT_PRODUCTS_DIR; };
		B1673D071E3CC85F004600AB /* AccountCreationVC+AccountCreationDelegate.swift */ = {isa = PBXFileReference; fileEncoding = 4; lastKnownFileType = sourcecode.swift; name = "AccountCreationVC+AccountCreationDelegate.swift"; path = "Puzzle/Controllers/Extensions/AccountCreation/AccountCreationVC+AccountCreationDelegate.swift"; sourceTree = "<group>"; };
		B1673D081E3CC85F004600AB /* AccountCreationVC+KeyboardNotification.swift */ = {isa = PBXFileReference; fileEncoding = 4; lastKnownFileType = sourcecode.swift; name = "AccountCreationVC+KeyboardNotification.swift"; path = "Puzzle/Controllers/Extensions/AccountCreation/AccountCreationVC+KeyboardNotification.swift"; sourceTree = "<group>"; };
		B1673D091E3CC85F004600AB /* AccountCreationVC+TextFieldDelegate.swift */ = {isa = PBXFileReference; fileEncoding = 4; lastKnownFileType = sourcecode.swift; name = "AccountCreationVC+TextFieldDelegate.swift"; path = "Puzzle/Controllers/Extensions/AccountCreation/AccountCreationVC+TextFieldDelegate.swift"; sourceTree = "<group>"; };
		B1673D0D1E3CC874004600AB /* ChildSelectionVC+AutoLayout.swift */ = {isa = PBXFileReference; fileEncoding = 4; lastKnownFileType = sourcecode.swift; name = "ChildSelectionVC+AutoLayout.swift"; path = "Puzzle/Controllers/Extensions/ChildSelection/ChildSelectionVC+AutoLayout.swift"; sourceTree = "<group>"; };
		B1673D0F1E3CC87E004600AB /* ChildCreationVC+ChildCreationDelegate.swift */ = {isa = PBXFileReference; fileEncoding = 4; lastKnownFileType = sourcecode.swift; name = "ChildCreationVC+ChildCreationDelegate.swift"; path = "Puzzle/Controllers/Extensions/ChildCreation/ChildCreationVC+ChildCreationDelegate.swift"; sourceTree = "<group>"; };
		B1673D101E3CC87E004600AB /* ChildCreationVC+KeyboardNotification.swift */ = {isa = PBXFileReference; fileEncoding = 4; lastKnownFileType = sourcecode.swift; name = "ChildCreationVC+KeyboardNotification.swift"; path = "Puzzle/Controllers/Extensions/ChildCreation/ChildCreationVC+KeyboardNotification.swift"; sourceTree = "<group>"; };
		B1673D111E3CC87E004600AB /* ChildCreationVC+TextFieldDelegate.swift */ = {isa = PBXFileReference; fileEncoding = 4; lastKnownFileType = sourcecode.swift; name = "ChildCreationVC+TextFieldDelegate.swift"; path = "Puzzle/Controllers/Extensions/ChildCreation/ChildCreationVC+TextFieldDelegate.swift"; sourceTree = "<group>"; };
		B1673D151E3CC88A004600AB /* LoginVC+LoginDelegate.swift */ = {isa = PBXFileReference; fileEncoding = 4; lastKnownFileType = sourcecode.swift; name = "LoginVC+LoginDelegate.swift"; path = "Puzzle/Controllers/Extensions/Login/LoginVC+LoginDelegate.swift"; sourceTree = "<group>"; };
		B1673D161E3CC88A004600AB /* LoginVC+KeyboardNotification.swift */ = {isa = PBXFileReference; fileEncoding = 4; lastKnownFileType = sourcecode.swift; name = "LoginVC+KeyboardNotification.swift"; path = "Puzzle/Controllers/Extensions/Login/LoginVC+KeyboardNotification.swift"; sourceTree = "<group>"; };
		B1673D171E3CC88A004600AB /* LoginVC+TextFieldDelegate.swift */ = {isa = PBXFileReference; fileEncoding = 4; lastKnownFileType = sourcecode.swift; name = "LoginVC+TextFieldDelegate.swift"; path = "Puzzle/Controllers/Extensions/Login/LoginVC+TextFieldDelegate.swift"; sourceTree = "<group>"; };
		B1673D231E3CF091004600AB /* UIButton+Design.swift */ = {isa = PBXFileReference; fileEncoding = 4; lastKnownFileType = sourcecode.swift; name = "UIButton+Design.swift"; path = "Puzzle/Utils/Extensions/UIButton/UIButton+Design.swift"; sourceTree = "<group>"; };
		B1673D241E3CF091004600AB /* UIButton+IntrinsicContentSize.swift */ = {isa = PBXFileReference; fileEncoding = 4; lastKnownFileType = sourcecode.swift; name = "UIButton+IntrinsicContentSize.swift"; path = "Puzzle/Utils/Extensions/UIButton/UIButton+IntrinsicContentSize.swift"; sourceTree = "<group>"; };
		B1673D271E3CF09F004600AB /* UIColor+Design.swift */ = {isa = PBXFileReference; fileEncoding = 4; lastKnownFileType = sourcecode.swift; name = "UIColor+Design.swift"; path = "Puzzle/Utils/Extensions/UIColor/UIColor+Design.swift"; sourceTree = "<group>"; };
		B1673D291E3CF0AF004600AB /* UIFont+HelveticaNeue.swift */ = {isa = PBXFileReference; fileEncoding = 4; lastKnownFileType = sourcecode.swift; name = "UIFont+HelveticaNeue.swift"; path = "Puzzle/Utils/Extensions/UIFont/UIFont+HelveticaNeue.swift"; sourceTree = "<group>"; };
		B1673D2B1E3CF0BC004600AB /* UILabel+Design.swift */ = {isa = PBXFileReference; fileEncoding = 4; lastKnownFileType = sourcecode.swift; name = "UILabel+Design.swift"; path = "Puzzle/Utils/Extensions/UILabel/UILabel+Design.swift"; sourceTree = "<group>"; };
		B1673D2D1E3CF0C9004600AB /* UITextField+Design.swift */ = {isa = PBXFileReference; fileEncoding = 4; lastKnownFileType = sourcecode.swift; name = "UITextField+Design.swift"; path = "Puzzle/Utils/Extensions/UITextField/UITextField+Design.swift"; sourceTree = "<group>"; };
		B1673D2F1E3CF0D8004600AB /* UIView+Constraints.swift */ = {isa = PBXFileReference; fileEncoding = 4; lastKnownFileType = sourcecode.swift; name = "UIView+Constraints.swift"; path = "Puzzle/Utils/Extensions/UIView/UIView+Constraints.swift"; sourceTree = "<group>"; };
		B1673D311E3CF0E7004600AB /* Date+Format.swift */ = {isa = PBXFileReference; fileEncoding = 4; lastKnownFileType = sourcecode.swift; name = "Date+Format.swift"; path = "Puzzle/Utils/Extensions/Date/Date+Format.swift"; sourceTree = "<group>"; };
		B1673D331E3CF0FE004600AB /* String+Validation.swift */ = {isa = PBXFileReference; fileEncoding = 4; lastKnownFileType = sourcecode.swift; name = "String+Validation.swift"; path = "Puzzle/Utils/Extensions/String/String+Validation.swift"; sourceTree = "<group>"; };
		B1673D341E3CF0FE004600AB /* String+VisualFormat.swift */ = {isa = PBXFileReference; fileEncoding = 4; lastKnownFileType = sourcecode.swift; name = "String+VisualFormat.swift"; path = "Puzzle/Utils/Extensions/String/String+VisualFormat.swift"; sourceTree = "<group>"; };
		B1673D351E3CF0FE004600AB /* String+Uid.swift */ = {isa = PBXFileReference; fileEncoding = 4; lastKnownFileType = sourcecode.swift; name = "String+Uid.swift"; path = "Puzzle/Utils/Extensions/String/String+Uid.swift"; sourceTree = "<group>"; };
		B1673D391E41445A004600AB /* UserObject.swift */ = {isa = PBXFileReference; fileEncoding = 4; lastKnownFileType = sourcecode.swift; name = UserObject.swift; path = Puzzle/Utils/UserObject.swift; sourceTree = "<group>"; };
		B1D05A541E36953500AB0D87 /* Login.swift */ = {isa = PBXFileReference; fileEncoding = 4; lastKnownFileType = sourcecode.swift; name = Login.swift; path = Features/Login.swift; sourceTree = "<group>"; };
		B1D05A561E36953C00AB0D87 /* AccountCreation.swift */ = {isa = PBXFileReference; fileEncoding = 4; lastKnownFileType = sourcecode.swift; name = AccountCreation.swift; path = Features/AccountCreation.swift; sourceTree = "<group>"; };
		B1D05A581E36956D00AB0D87 /* LoginSteps.swift */ = {isa = PBXFileReference; fileEncoding = 4; lastKnownFileType = sourcecode.swift; name = LoginSteps.swift; path = StepDefinitions/LoginSteps.swift; sourceTree = "<group>"; };
		B1D05A591E36956D00AB0D87 /* AccountCreationSteps.swift */ = {isa = PBXFileReference; fileEncoding = 4; lastKnownFileType = sourcecode.swift; name = AccountCreationSteps.swift; path = StepDefinitions/AccountCreationSteps.swift; sourceTree = "<group>"; };
		B1D05A7B1E36A72800AB0D87 /* Puzzle.xcdatamodel */ = {isa = PBXFileReference; lastKnownFileType = wrapper.xcdatamodel; path = Puzzle.xcdatamodel; sourceTree = "<group>"; };
		B1D05A7C1E36A72800AB0D87 /* AppDelegate.swift */ = {isa = PBXFileReference; fileEncoding = 4; lastKnownFileType = sourcecode.swift; name = AppDelegate.swift; path = Puzzle/AppDelegate.swift; sourceTree = "<group>"; };
		B1D05A7E1E36A72800AB0D87 /* Info.plist */ = {isa = PBXFileReference; fileEncoding = 4; lastKnownFileType = text.plist.xml; name = Info.plist; path = Puzzle/Info.plist; sourceTree = "<group>"; };
		B1D05A841E36A73400AB0D87 /* LoginVM.swift */ = {isa = PBXFileReference; fileEncoding = 4; lastKnownFileType = sourcecode.swift; name = LoginVM.swift; path = Puzzle/Models/LoginVM.swift; sourceTree = "<group>"; };
		B1D05A871E36A73D00AB0D87 /* Children.swift */ = {isa = PBXFileReference; fileEncoding = 4; lastKnownFileType = sourcecode.swift; name = Children.swift; path = Puzzle/CoreData/Children.swift; sourceTree = "<group>"; };
		B1D05A881E36A73D00AB0D87 /* User+Properties.swift */ = {isa = PBXFileReference; fileEncoding = 4; lastKnownFileType = sourcecode.swift; name = "User+Properties.swift"; path = "Puzzle/CoreData/User+Properties.swift"; sourceTree = "<group>"; };
		B1D05A891E36A73D00AB0D87 /* Children+Properties.swift */ = {isa = PBXFileReference; fileEncoding = 4; lastKnownFileType = sourcecode.swift; name = "Children+Properties.swift"; path = "Puzzle/CoreData/Children+Properties.swift"; sourceTree = "<group>"; };
		B1D05A8A1E36A73D00AB0D87 /* User.swift */ = {isa = PBXFileReference; fileEncoding = 4; lastKnownFileType = sourcecode.swift; name = User.swift; path = Puzzle/CoreData/User.swift; sourceTree = "<group>"; };
		B1D05A951E36A75000AB0D87 /* LoginVC.swift */ = {isa = PBXFileReference; fileEncoding = 4; lastKnownFileType = sourcecode.swift; name = LoginVC.swift; path = Puzzle/Controllers/LoginVC.swift; sourceTree = "<group>"; };
		B1D05A981E36A75800AB0D87 /* Base */ = {isa = PBXFileReference; lastKnownFileType = file.storyboard; name = Base; path = Puzzle/Base.lproj/LaunchScreen.storyboard; sourceTree = "<group>"; };
		B1D05A9A1E36A75800AB0D87 /* Base */ = {isa = PBXFileReference; lastKnownFileType = file.storyboard; name = Base; path = Puzzle/Base.lproj/Main.storyboard; sourceTree = "<group>"; };
		B1D05ACA1E36BAC700AB0D87 /* AccountCreationVM.swift */ = {isa = PBXFileReference; fileEncoding = 4; lastKnownFileType = sourcecode.swift; name = AccountCreationVM.swift; path = Puzzle/Models/AccountCreationVM.swift; sourceTree = "<group>"; };
		B1D05AD21E36BADD00AB0D87 /* AccountCreationVC.swift */ = {isa = PBXFileReference; fileEncoding = 4; lastKnownFileType = sourcecode.swift; name = AccountCreationVC.swift; path = Puzzle/Controllers/AccountCreationVC.swift; sourceTree = "<group>"; };
		B1D05AF71E36C5E400AB0D87 /* Assets.xcassets */ = {isa = PBXFileReference; lastKnownFileType = folder.assetcatalog; name = Assets.xcassets; path = Puzzle/Assets.xcassets; sourceTree = "<group>"; };
		B1D05AFA1E36CC0A00AB0D87 /* Base */ = {isa = PBXFileReference; lastKnownFileType = text.plist.strings; name = Base; path = Puzzle/Base.lproj/Localizable.strings; sourceTree = "<group>"; };
		B410F6B31E4206B700598D36 /* GameMenuVC.swift */ = {isa = PBXFileReference; fileEncoding = 4; lastKnownFileType = sourcecode.swift; name = GameMenuVC.swift; path = Puzzle/Controllers/GameMenuVC.swift; sourceTree = "<group>"; };
		B410F6B51E420E1F00598D36 /* ChildObject.swift */ = {isa = PBXFileReference; fileEncoding = 4; lastKnownFileType = sourcecode.swift; name = ChildObject.swift; path = Puzzle/Utils/ChildObject.swift; sourceTree = "<group>"; };
		B410F6C11E433B0200598D36 /* AccountCreationVC+PasscodeDelegate.swift */ = {isa = PBXFileReference; fileEncoding = 4; lastKnownFileType = sourcecode.swift; name = "AccountCreationVC+PasscodeDelegate.swift"; path = "Puzzle/Controllers/Extensions/AccountCreation/AccountCreationVC+PasscodeDelegate.swift"; sourceTree = "<group>"; };
		B410F6C41E4346C900598D36 /* GameMenuVC+PasscodeDelegate.swift */ = {isa = PBXFileReference; fileEncoding = 4; lastKnownFileType = sourcecode.swift; name = "GameMenuVC+PasscodeDelegate.swift"; path = "Puzzle/Controllers/Extensions/GameMenu/GameMenuVC+PasscodeDelegate.swift"; sourceTree = "<group>"; };
		B410F6C91E4347E200598D36 /* PasscodeVC+PasswordInputCompleteProtocol.swift */ = {isa = PBXFileReference; fileEncoding = 4; lastKnownFileType = sourcecode.swift; name = "PasscodeVC+PasswordInputCompleteProtocol.swift"; path = "Puzzle/Utils/Libraries/Passcode/Extensions/PasscodeVC+PasswordInputCompleteProtocol.swift"; sourceTree = "<group>"; };
		B410F6CB1E4347EC00598D36 /* PasscodeVC.swift */ = {isa = PBXFileReference; fileEncoding = 4; lastKnownFileType = sourcecode.swift; name = PasscodeVC.swift; path = Puzzle/Utils/Libraries/Passcode/PasscodeVC.swift; sourceTree = "<group>"; };
		B414477F1E37B7B4003064C0 /* XCUIElement+Paste.swift */ = {isa = PBXFileReference; fileEncoding = 4; lastKnownFileType = sourcecode.swift; name = "XCUIElement+Paste.swift"; path = "Extensions/XCUIElement+Paste.swift"; sourceTree = "<group>"; };
		B457EBA31E38C2C200A72CF3 /* ChildSelectionVC.swift */ = {isa = PBXFileReference; fileEncoding = 4; lastKnownFileType = sourcecode.swift; name = ChildSelectionVC.swift; path = Puzzle/Controllers/ChildSelectionVC.swift; sourceTree = "<group>"; };
		B457EBA51E38C5F200A72CF3 /* ChildSelectionVM.swift */ = {isa = PBXFileReference; fileEncoding = 4; lastKnownFileType = sourcecode.swift; name = ChildSelectionVM.swift; path = Puzzle/Models/ChildSelectionVM.swift; sourceTree = "<group>"; };
		B457EBA71E38E24F00A72CF3 /* LoginUITests.swift */ = {isa = PBXFileReference; fileEncoding = 4; lastKnownFileType = sourcecode.swift; path = LoginUITests.swift; sourceTree = "<group>"; };
		B457EBA91E38E28700A72CF3 /* AccountCreationUITests.swift */ = {isa = PBXFileReference; fileEncoding = 4; lastKnownFileType = sourcecode.swift; path = AccountCreationUITests.swift; sourceTree = "<group>"; };
		B457EBAB1E38E2EE00A72CF3 /* ChildSelectionUITests.swift */ = {isa = PBXFileReference; fileEncoding = 4; lastKnownFileType = sourcecode.swift; path = ChildSelectionUITests.swift; sourceTree = "<group>"; };
		B466263F1E3B61EB00B372CB /* ChildCreationVC.swift */ = {isa = PBXFileReference; fileEncoding = 4; lastKnownFileType = sourcecode.swift; name = ChildCreationVC.swift; path = Puzzle/Controllers/ChildCreationVC.swift; sourceTree = "<group>"; };
		B46626411E3B6A9F00B372CB /* ChildCreationVM.swift */ = {isa = PBXFileReference; fileEncoding = 4; lastKnownFileType = sourcecode.swift; name = ChildCreationVM.swift; path = Puzzle/Models/ChildCreationVM.swift; sourceTree = "<group>"; };
		B4766E9D1E365E3600E53F7F /* Puzzle.app */ = {isa = PBXFileReference; explicitFileType = wrapper.application; includeInIndex = 0; path = Puzzle.app; sourceTree = BUILT_PRODUCTS_DIR; };
		B4766EB41E365E3700E53F7F /* PuzzleTests.xctest */ = {isa = PBXFileReference; explicitFileType = wrapper.cfbundle; includeInIndex = 0; path = PuzzleTests.xctest; sourceTree = BUILT_PRODUCTS_DIR; };
		B4766EB81E365E3700E53F7F /* PuzzleTests.swift */ = {isa = PBXFileReference; lastKnownFileType = sourcecode.swift; path = PuzzleTests.swift; sourceTree = "<group>"; };
		B4766EBA1E365E3700E53F7F /* Info.plist */ = {isa = PBXFileReference; lastKnownFileType = text.plist.xml; path = Info.plist; sourceTree = "<group>"; };
		B4766EBF1E365E3700E53F7F /* PuzzleUITests.xctest */ = {isa = PBXFileReference; explicitFileType = wrapper.cfbundle; includeInIndex = 0; path = PuzzleUITests.xctest; sourceTree = BUILT_PRODUCTS_DIR; };
		B4766EC31E365E3700E53F7F /* PuzzleUITests.swift */ = {isa = PBXFileReference; lastKnownFileType = sourcecode.swift; path = PuzzleUITests.swift; sourceTree = "<group>"; };
		B4766EC51E365E3700E53F7F /* Info.plist */ = {isa = PBXFileReference; lastKnownFileType = text.plist.xml; path = Info.plist; sourceTree = "<group>"; };
		B49B06FD1E3B8998009A1B1B /* ChildCreationUITests.swift */ = {isa = PBXFileReference; fileEncoding = 4; lastKnownFileType = sourcecode.swift; path = ChildCreationUITests.swift; sourceTree = "<group>"; };
		B49B07011E3B95CF009A1B1B /* CoreDataStack.swift */ = {isa = PBXFileReference; fileEncoding = 4; lastKnownFileType = sourcecode.swift; name = CoreDataStack.swift; path = Puzzle/CoreData/CoreDataStack.swift; sourceTree = "<group>"; };
		FD8F1F5F7FB5B095018E5C4F /* Pods_PuzzleTests.framework */ = {isa = PBXFileReference; explicitFileType = wrapper.framework; includeInIndex = 0; path = Pods_PuzzleTests.framework; sourceTree = BUILT_PRODUCTS_DIR; };
/* End PBXFileReference section */

/* Begin PBXFrameworksBuildPhase section */
		B4766E9A1E365E3600E53F7F /* Frameworks */ = {
			isa = PBXFrameworksBuildPhase;
			buildActionMask = 2147483647;
			files = (
				9A8637A94D21498BC7E280AC /* Pods_Puzzle.framework in Frameworks */,
			);
			runOnlyForDeploymentPostprocessing = 0;
		};
		B4766EB11E365E3700E53F7F /* Frameworks */ = {
			isa = PBXFrameworksBuildPhase;
			buildActionMask = 2147483647;
			files = (
				B3380680E7BA085A56A2207F /* Pods_PuzzleTests.framework in Frameworks */,
			);
			runOnlyForDeploymentPostprocessing = 0;
		};
		B4766EBC1E365E3700E53F7F /* Frameworks */ = {
			isa = PBXFrameworksBuildPhase;
			buildActionMask = 2147483647;
			files = (
				814A182F2C3DA19B235589E6 /* Pods_PuzzleUITests.framework in Frameworks */,
			);
			runOnlyForDeploymentPostprocessing = 0;
		};
/* End PBXFrameworksBuildPhase section */

/* Begin PBXGroup section */
		49711C61DF76D5E00A9C18E8 /* Frameworks */ = {
			isa = PBXGroup;
			children = (
				8C24BE8BE35716B54E82453D /* Pods_Puzzle.framework */,
				FD8F1F5F7FB5B095018E5C4F /* Pods_PuzzleTests.framework */,
				A1FD062B87F60170F3BBF6C2 /* Pods_PuzzleUITests.framework */,
			);
			name = Frameworks;
			sourceTree = "<group>";
		};
		B1673CFD1E3CC7D7004600AB /* Login */ = {
			isa = PBXGroup;
			children = (
				B1673D151E3CC88A004600AB /* LoginVC+LoginDelegate.swift */,
				B1673D161E3CC88A004600AB /* LoginVC+KeyboardNotification.swift */,
				B1673D171E3CC88A004600AB /* LoginVC+TextFieldDelegate.swift */,
			);
			name = Login;
			sourceTree = "<group>";
		};
		B1673CFE1E3CC7DF004600AB /* ChildCreation */ = {
			isa = PBXGroup;
			children = (
				B1673D0F1E3CC87E004600AB /* ChildCreationVC+ChildCreationDelegate.swift */,
				B1673D101E3CC87E004600AB /* ChildCreationVC+KeyboardNotification.swift */,
				B1673D111E3CC87E004600AB /* ChildCreationVC+TextFieldDelegate.swift */,
			);
			name = ChildCreation;
			sourceTree = "<group>";
		};
		B1673CFF1E3CC7ED004600AB /* AccountCreation */ = {
			isa = PBXGroup;
			children = (
				B1673D071E3CC85F004600AB /* AccountCreationVC+AccountCreationDelegate.swift */,
				B1673D081E3CC85F004600AB /* AccountCreationVC+KeyboardNotification.swift */,
				B1673D091E3CC85F004600AB /* AccountCreationVC+TextFieldDelegate.swift */,
				B410F6C11E433B0200598D36 /* AccountCreationVC+PasscodeDelegate.swift */,
			);
			name = AccountCreation;
			sourceTree = "<group>";
		};
		B1673D001E3CC809004600AB /* ChildSelection */ = {
			isa = PBXGroup;
			children = (
				B1673D0D1E3CC874004600AB /* ChildSelectionVC+AutoLayout.swift */,
			);
			name = ChildSelection;
			sourceTree = "<group>";
		};
		B1673D1B1E3CEF82004600AB /* String */ = {
			isa = PBXGroup;
			children = (
				B1673D331E3CF0FE004600AB /* String+Validation.swift */,
				B1673D341E3CF0FE004600AB /* String+VisualFormat.swift */,
				B1673D351E3CF0FE004600AB /* String+Uid.swift */,
			);
			name = String;
			sourceTree = "<group>";
		};
		B1673D1C1E3CEF8B004600AB /* UILabel */ = {
			isa = PBXGroup;
			children = (
				B1673D2B1E3CF0BC004600AB /* UILabel+Design.swift */,
			);
			name = UILabel;
			sourceTree = "<group>";
		};
		B1673D1D1E3CEF95004600AB /* UIButton */ = {
			isa = PBXGroup;
			children = (
				B1673D231E3CF091004600AB /* UIButton+Design.swift */,
				B1673D241E3CF091004600AB /* UIButton+IntrinsicContentSize.swift */,
			);
			name = UIButton;
			sourceTree = "<group>";
		};
		B1673D1E1E3CEF9C004600AB /* UIColor */ = {
			isa = PBXGroup;
			children = (
				B1673D271E3CF09F004600AB /* UIColor+Design.swift */,
			);
			name = UIColor;
			sourceTree = "<group>";
		};
		B1673D1F1E3CEFA2004600AB /* Date */ = {
			isa = PBXGroup;
			children = (
				B1673D311E3CF0E7004600AB /* Date+Format.swift */,
			);
			name = Date;
			sourceTree = "<group>";
		};
		B1673D201E3CEFA8004600AB /* UIView */ = {
			isa = PBXGroup;
			children = (
				B1673D2F1E3CF0D8004600AB /* UIView+Constraints.swift */,
			);
			name = UIView;
			sourceTree = "<group>";
		};
		B1673D211E3CEFFD004600AB /* UITextField */ = {
			isa = PBXGroup;
			children = (
				B1673D2D1E3CF0C9004600AB /* UITextField+Design.swift */,
			);
			name = UITextField;
			sourceTree = "<group>";
		};
		B1673D221E3CF006004600AB /* UIFont */ = {
			isa = PBXGroup;
			children = (
				B1673D291E3CF0AF004600AB /* UIFont+HelveticaNeue.swift */,
			);
			name = UIFont;
			sourceTree = "<group>";
		};
		B1D05A511E3694FA00AB0D87 /* Specs */ = {
			isa = PBXGroup;
			children = (
			);
			name = Specs;
			sourceTree = "<group>";
		};
		B1D05A521E36950100AB0D87 /* Features */ = {
			isa = PBXGroup;
			children = (
				B1D05A561E36953C00AB0D87 /* AccountCreation.swift */,
				B1D05A541E36953500AB0D87 /* Login.swift */,
			);
			name = Features;
			sourceTree = "<group>";
		};
		B1D05A531E36950E00AB0D87 /* StepDefinitions */ = {
			isa = PBXGroup;
			children = (
				B1D05A591E36956D00AB0D87 /* AccountCreationSteps.swift */,
				B1D05A581E36956D00AB0D87 /* LoginSteps.swift */,
			);
			name = StepDefinitions;
			sourceTree = "<group>";
		};
		B1D05A6A1E36A69700AB0D87 /* Puzzle */ = {
			isa = PBXGroup;
			children = (
				B1D05AF71E36C5E400AB0D87 /* Assets.xcassets */,
				B1D05A6B1E36A69E00AB0D87 /* Base.lproj */,
				B1D05A7A1E36A72800AB0D87 /* Puzzle.xcdatamodeld */,
				B1D05A7E1E36A72800AB0D87 /* Info.plist */,
				B1D05A7C1E36A72800AB0D87 /* AppDelegate.swift */,
				B1D05A6D1E36A6B400AB0D87 /* CoreData */,
				B1D05A6F1E36A6C300AB0D87 /* Utils */,
				B1D05A6E1E36A6BB00AB0D87 /* Models */,
				B1D05A9D1E36A77400AB0D87 /* Views */,
				B1D05A6C1E36A6AC00AB0D87 /* Controllers */,
			);
			name = Puzzle;
			sourceTree = "<group>";
		};
		B1D05A6B1E36A69E00AB0D87 /* Base.lproj */ = {
			isa = PBXGroup;
			children = (
				B1D05AF91E36CC0A00AB0D87 /* Localizable.strings */,
				B1D05A971E36A75800AB0D87 /* LaunchScreen.storyboard */,
				B1D05A991E36A75800AB0D87 /* Main.storyboard */,
			);
			name = Base.lproj;
			sourceTree = "<group>";
		};
		B1D05A6C1E36A6AC00AB0D87 /* Controllers */ = {
			isa = PBXGroup;
			children = (
				B1D05A711E36A6FB00AB0D87 /* Extensions */,
				B1D05A951E36A75000AB0D87 /* LoginVC.swift */,
				B1D05AD21E36BADD00AB0D87 /* AccountCreationVC.swift */,
				B457EBA31E38C2C200A72CF3 /* ChildSelectionVC.swift */,
				B466263F1E3B61EB00B372CB /* ChildCreationVC.swift */,
				B410F6B31E4206B700598D36 /* GameMenuVC.swift */,
			);
			name = Controllers;
			sourceTree = "<group>";
		};
		B1D05A6D1E36A6B400AB0D87 /* CoreData */ = {
			isa = PBXGroup;
			children = (
				B49B07011E3B95CF009A1B1B /* CoreDataStack.swift */,
				B1D05A871E36A73D00AB0D87 /* Children.swift */,
				B1D05A891E36A73D00AB0D87 /* Children+Properties.swift */,
				B1D05A8A1E36A73D00AB0D87 /* User.swift */,
				B1D05A881E36A73D00AB0D87 /* User+Properties.swift */,
			);
			name = CoreData;
			sourceTree = "<group>";
		};
		B1D05A6E1E36A6BB00AB0D87 /* Models */ = {
			isa = PBXGroup;
			children = (
				B1D05ACA1E36BAC700AB0D87 /* AccountCreationVM.swift */,
				B1D05A841E36A73400AB0D87 /* LoginVM.swift */,
				B457EBA51E38C5F200A72CF3 /* ChildSelectionVM.swift */,
				B46626411E3B6A9F00B372CB /* ChildCreationVM.swift */,
			);
			name = Models;
			sourceTree = "<group>";
		};
		B1D05A6F1E36A6C300AB0D87 /* Utils */ = {
			isa = PBXGroup;
			children = (
				B410F69C1E40992300598D36 /* Libraries */,
				B1D05A701E36A6E000AB0D87 /* Extensions */,
				B1673D391E41445A004600AB /* UserObject.swift */,
				B410F6B51E420E1F00598D36 /* ChildObject.swift */,
			);
			name = Utils;
			sourceTree = "<group>";
		};
		B1D05A701E36A6E000AB0D87 /* Extensions */ = {
			isa = PBXGroup;
			children = (
				B1673D1D1E3CEF95004600AB /* UIButton */,
				B1673D1E1E3CEF9C004600AB /* UIColor */,
				B1673D221E3CF006004600AB /* UIFont */,
				B1673D1C1E3CEF8B004600AB /* UILabel */,
				B1673D211E3CEFFD004600AB /* UITextField */,
				B1673D201E3CEFA8004600AB /* UIView */,
				B1673D1F1E3CEFA2004600AB /* Date */,
				B1673D1B1E3CEF82004600AB /* String */,
			);
			name = Extensions;
			sourceTree = "<group>";
		};
		B1D05A711E36A6FB00AB0D87 /* Extensions */ = {
			isa = PBXGroup;
			children = (
				B410F6C31E43469F00598D36 /* GameMenu */,
				B1673CFF1E3CC7ED004600AB /* AccountCreation */,
				B1673CFE1E3CC7DF004600AB /* ChildCreation */,
				B1673D001E3CC809004600AB /* ChildSelection */,
				B1673CFD1E3CC7D7004600AB /* Login */,
			);
			name = Extensions;
			sourceTree = "<group>";
		};
		B1D05A9D1E36A77400AB0D87 /* Views */ = {
			isa = PBXGroup;
			children = (
			);
			name = Views;
			sourceTree = "<group>";
		};
		B410F69C1E40992300598D36 /* Libraries */ = {
			isa = PBXGroup;
			children = (
				B410F6BE1E422EB800598D36 /* Passcode */,
			);
			name = Libraries;
			sourceTree = "<group>";
		};
		B410F6BE1E422EB800598D36 /* Passcode */ = {
			isa = PBXGroup;
			children = (
				B410F6C61E43470200598D36 /* Extensions */,
				B410F6CB1E4347EC00598D36 /* PasscodeVC.swift */,
			);
			name = Passcode;
			sourceTree = "<group>";
		};
		B410F6C31E43469F00598D36 /* GameMenu */ = {
			isa = PBXGroup;
			children = (
				B410F6C41E4346C900598D36 /* GameMenuVC+PasscodeDelegate.swift */,
			);
			name = GameMenu;
			sourceTree = "<group>";
		};
		B410F6C61E43470200598D36 /* Extensions */ = {
			isa = PBXGroup;
			children = (
				B410F6C91E4347E200598D36 /* PasscodeVC+PasswordInputCompleteProtocol.swift */,
			);
			name = Extensions;
			sourceTree = "<group>";
		};
		B414477E1E37B77B003064C0 /* Extensions */ = {
			isa = PBXGroup;
			children = (
				B414477F1E37B7B4003064C0 /* XCUIElement+Paste.swift */,
			);
			name = Extensions;
			sourceTree = "<group>";
		};
		B4766E941E365E3600E53F7F = {
			isa = PBXGroup;
			children = (
				B1D05A6A1E36A69700AB0D87 /* Puzzle */,
				B4766EB71E365E3700E53F7F /* PuzzleTests */,
				B4766EC21E365E3700E53F7F /* PuzzleUITests */,
				B4766E9E1E365E3600E53F7F /* Products */,
				C17A7D87EFC84A8ACE5F44B5 /* Pods */,
				49711C61DF76D5E00A9C18E8 /* Frameworks */,
			);
			sourceTree = "<group>";
		};
		B4766E9E1E365E3600E53F7F /* Products */ = {
			isa = PBXGroup;
			children = (
				B4766E9D1E365E3600E53F7F /* Puzzle.app */,
				B4766EB41E365E3700E53F7F /* PuzzleTests.xctest */,
				B4766EBF1E365E3700E53F7F /* PuzzleUITests.xctest */,
			);
			name = Products;
			sourceTree = "<group>";
		};
		B4766EB71E365E3700E53F7F /* PuzzleTests */ = {
			isa = PBXGroup;
			children = (
				B1D05A531E36950E00AB0D87 /* StepDefinitions */,
				B1D05A521E36950100AB0D87 /* Features */,
				B1D05A511E3694FA00AB0D87 /* Specs */,
				B4766EB81E365E3700E53F7F /* PuzzleTests.swift */,
				B4766EBA1E365E3700E53F7F /* Info.plist */,
			);
			path = PuzzleTests;
			sourceTree = "<group>";
		};
		B4766EC21E365E3700E53F7F /* PuzzleUITests */ = {
			isa = PBXGroup;
			children = (
				B414477E1E37B77B003064C0 /* Extensions */,
				B4766EC31E365E3700E53F7F /* PuzzleUITests.swift */,
				B4766EC51E365E3700E53F7F /* Info.plist */,
				B457EBA91E38E28700A72CF3 /* AccountCreationUITests.swift */,
				B457EBA71E38E24F00A72CF3 /* LoginUITests.swift */,
				B457EBAB1E38E2EE00A72CF3 /* ChildSelectionUITests.swift */,
				B49B06FD1E3B8998009A1B1B /* ChildCreationUITests.swift */,
			);
			path = PuzzleUITests;
			sourceTree = "<group>";
		};
		C17A7D87EFC84A8ACE5F44B5 /* Pods */ = {
			isa = PBXGroup;
			children = (
				7646BBA7D2D12A5686A2155D /* Pods-Puzzle.debug.xcconfig */,
				887E4A1CF3EDBECA75F5343B /* Pods-Puzzle.release.xcconfig */,
				34EBD832851B489A8D077CF9 /* Pods-PuzzleTests.debug.xcconfig */,
				74C752FE70594EC6F93B3C84 /* Pods-PuzzleTests.release.xcconfig */,
				3D99B28C0464C2FCDB9545DC /* Pods-PuzzleUITests.debug.xcconfig */,
				7BEA53F65A0FBC7B0B4BE2F0 /* Pods-PuzzleUITests.release.xcconfig */,
			);
			name = Pods;
			sourceTree = "<group>";
		};
/* End PBXGroup section */

/* Begin PBXNativeTarget section */
		B4766E9C1E365E3600E53F7F /* Puzzle */ = {
			isa = PBXNativeTarget;
			buildConfigurationList = B4766EC81E365E3700E53F7F /* Build configuration list for PBXNativeTarget "Puzzle" */;
			buildPhases = (
				1F57017CEFF7EBE8B89C5D9C /* [CP] Check Pods Manifest.lock */,
				B4766E991E365E3600E53F7F /* Sources */,
				B4766E9A1E365E3600E53F7F /* Frameworks */,
				B4766E9B1E365E3600E53F7F /* Resources */,
				A35672BAC0494F6CF19589AA /* [CP] Embed Pods Frameworks */,
				EF23D6B3AD5785612519278B /* [CP] Copy Pods Resources */,
			);
			buildRules = (
			);
			dependencies = (
			);
			name = Puzzle;
			productName = Puzzle;
			productReference = B4766E9D1E365E3600E53F7F /* Puzzle.app */;
			productType = "com.apple.product-type.application";
		};
		B4766EB31E365E3700E53F7F /* PuzzleTests */ = {
			isa = PBXNativeTarget;
			buildConfigurationList = B4766ECB1E365E3700E53F7F /* Build configuration list for PBXNativeTarget "PuzzleTests" */;
			buildPhases = (
				B892AE7AC4DA047BA018BBFA /* [CP] Check Pods Manifest.lock */,
				B4766EB01E365E3700E53F7F /* Sources */,
				B4766EB11E365E3700E53F7F /* Frameworks */,
				B4766EB21E365E3700E53F7F /* Resources */,
				43FAFC0771DCAA9932D88AC7 /* [CP] Embed Pods Frameworks */,
				7C5F9D4EF8E60DEBD4338D62 /* [CP] Copy Pods Resources */,
			);
			buildRules = (
			);
			dependencies = (
				B4766EB61E365E3700E53F7F /* PBXTargetDependency */,
			);
			name = PuzzleTests;
			productName = PuzzleTests;
			productReference = B4766EB41E365E3700E53F7F /* PuzzleTests.xctest */;
			productType = "com.apple.product-type.bundle.unit-test";
		};
		B4766EBE1E365E3700E53F7F /* PuzzleUITests */ = {
			isa = PBXNativeTarget;
			buildConfigurationList = B4766ECE1E365E3700E53F7F /* Build configuration list for PBXNativeTarget "PuzzleUITests" */;
			buildPhases = (
				9A4E92705BD42BB107A335FC /* [CP] Check Pods Manifest.lock */,
				B4766EBB1E365E3700E53F7F /* Sources */,
				B4766EBC1E365E3700E53F7F /* Frameworks */,
				B4766EBD1E365E3700E53F7F /* Resources */,
				18D4E89D383AA7374466DBCA /* [CP] Embed Pods Frameworks */,
				952F724146669846BBFAC413 /* [CP] Copy Pods Resources */,
			);
			buildRules = (
			);
			dependencies = (
				B4766EC11E365E3700E53F7F /* PBXTargetDependency */,
			);
			name = PuzzleUITests;
			productName = PuzzleUITests;
			productReference = B4766EBF1E365E3700E53F7F /* PuzzleUITests.xctest */;
			productType = "com.apple.product-type.bundle.ui-testing";
		};
/* End PBXNativeTarget section */

/* Begin PBXProject section */
		B4766E951E365E3600E53F7F /* Project object */ = {
			isa = PBXProject;
			attributes = {
				LastSwiftUpdateCheck = 0820;
				LastUpgradeCheck = 0820;
				ORGANIZATIONNAME = cdeust;
				TargetAttributes = {
					B4766E9C1E365E3600E53F7F = {
						CreatedOnToolsVersion = 8.2.1;
						DevelopmentTeam = 739FYFHB3R;
						LastSwiftMigration = 0820;
						ProvisioningStyle = Automatic;
					};
					B4766EB31E365E3700E53F7F = {
						CreatedOnToolsVersion = 8.2.1;
						DevelopmentTeam = 739FYFHB3R;
						ProvisioningStyle = Automatic;
						TestTargetID = B4766E9C1E365E3600E53F7F;
					};
					B4766EBE1E365E3700E53F7F = {
						CreatedOnToolsVersion = 8.2.1;
						DevelopmentTeam = 739FYFHB3R;
						ProvisioningStyle = Automatic;
						TestTargetID = B4766E9C1E365E3600E53F7F;
					};
				};
			};
			buildConfigurationList = B4766E981E365E3600E53F7F /* Build configuration list for PBXProject "Puzzle" */;
			compatibilityVersion = "Xcode 3.2";
			developmentRegion = English;
			hasScannedForEncodings = 0;
			knownRegions = (
				en,
				Base,
			);
			mainGroup = B4766E941E365E3600E53F7F;
			productRefGroup = B4766E9E1E365E3600E53F7F /* Products */;
			projectDirPath = "";
			projectRoot = "";
			targets = (
				B4766E9C1E365E3600E53F7F /* Puzzle */,
				B4766EB31E365E3700E53F7F /* PuzzleTests */,
				B4766EBE1E365E3700E53F7F /* PuzzleUITests */,
			);
		};
/* End PBXProject section */

/* Begin PBXResourcesBuildPhase section */
		B4766E9B1E365E3600E53F7F /* Resources */ = {
			isa = PBXResourcesBuildPhase;
			buildActionMask = 2147483647;
			files = (
				B1D05A9C1E36A75800AB0D87 /* Main.storyboard in Resources */,
				B1D05AF81E36C5E400AB0D87 /* Assets.xcassets in Resources */,
				B1D05A821E36A72800AB0D87 /* Info.plist in Resources */,
				B1D05AFB1E36CC0A00AB0D87 /* Localizable.strings in Resources */,
				B1D05A9B1E36A75800AB0D87 /* LaunchScreen.storyboard in Resources */,
			);
			runOnlyForDeploymentPostprocessing = 0;
		};
		B4766EB21E365E3700E53F7F /* Resources */ = {
			isa = PBXResourcesBuildPhase;
			buildActionMask = 2147483647;
			files = (
			);
			runOnlyForDeploymentPostprocessing = 0;
		};
		B4766EBD1E365E3700E53F7F /* Resources */ = {
			isa = PBXResourcesBuildPhase;
			buildActionMask = 2147483647;
			files = (
			);
			runOnlyForDeploymentPostprocessing = 0;
		};
/* End PBXResourcesBuildPhase section */

/* Begin PBXShellScriptBuildPhase section */
		18D4E89D383AA7374466DBCA /* [CP] Embed Pods Frameworks */ = {
			isa = PBXShellScriptBuildPhase;
			buildActionMask = 2147483647;
			files = (
			);
			inputPaths = (
			);
			name = "[CP] Embed Pods Frameworks";
			outputPaths = (
			);
			runOnlyForDeploymentPostprocessing = 0;
			shellPath = /bin/sh;
			shellScript = "\"${SRCROOT}/Pods/Target Support Files/Pods-PuzzleUITests/Pods-PuzzleUITests-frameworks.sh\"\n";
			showEnvVarsInLog = 0;
		};
		1F57017CEFF7EBE8B89C5D9C /* [CP] Check Pods Manifest.lock */ = {
			isa = PBXShellScriptBuildPhase;
			buildActionMask = 2147483647;
			files = (
			);
			inputPaths = (
			);
			name = "[CP] Check Pods Manifest.lock";
			outputPaths = (
			);
			runOnlyForDeploymentPostprocessing = 0;
			shellPath = /bin/sh;
			shellScript = "diff \"${PODS_ROOT}/../Podfile.lock\" \"${PODS_ROOT}/Manifest.lock\" > /dev/null\nif [ $? != 0 ] ; then\n    # print error to STDERR\n    echo \"error: The sandbox is not in sync with the Podfile.lock. Run 'pod install' or update your CocoaPods installation.\" >&2\n    exit 1\nfi\n";
			showEnvVarsInLog = 0;
		};
		43FAFC0771DCAA9932D88AC7 /* [CP] Embed Pods Frameworks */ = {
			isa = PBXShellScriptBuildPhase;
			buildActionMask = 2147483647;
			files = (
			);
			inputPaths = (
			);
			name = "[CP] Embed Pods Frameworks";
			outputPaths = (
			);
			runOnlyForDeploymentPostprocessing = 0;
			shellPath = /bin/sh;
			shellScript = "\"${SRCROOT}/Pods/Target Support Files/Pods-PuzzleTests/Pods-PuzzleTests-frameworks.sh\"\n";
			showEnvVarsInLog = 0;
		};
		7C5F9D4EF8E60DEBD4338D62 /* [CP] Copy Pods Resources */ = {
			isa = PBXShellScriptBuildPhase;
			buildActionMask = 2147483647;
			files = (
			);
			inputPaths = (
			);
			name = "[CP] Copy Pods Resources";
			outputPaths = (
			);
			runOnlyForDeploymentPostprocessing = 0;
			shellPath = /bin/sh;
			shellScript = "\"${SRCROOT}/Pods/Target Support Files/Pods-PuzzleTests/Pods-PuzzleTests-resources.sh\"\n";
			showEnvVarsInLog = 0;
		};
		952F724146669846BBFAC413 /* [CP] Copy Pods Resources */ = {
			isa = PBXShellScriptBuildPhase;
			buildActionMask = 2147483647;
			files = (
			);
			inputPaths = (
			);
			name = "[CP] Copy Pods Resources";
			outputPaths = (
			);
			runOnlyForDeploymentPostprocessing = 0;
			shellPath = /bin/sh;
			shellScript = "\"${SRCROOT}/Pods/Target Support Files/Pods-PuzzleUITests/Pods-PuzzleUITests-resources.sh\"\n";
			showEnvVarsInLog = 0;
		};
		9A4E92705BD42BB107A335FC /* [CP] Check Pods Manifest.lock */ = {
			isa = PBXShellScriptBuildPhase;
			buildActionMask = 2147483647;
			files = (
			);
			inputPaths = (
			);
			name = "[CP] Check Pods Manifest.lock";
			outputPaths = (
			);
			runOnlyForDeploymentPostprocessing = 0;
			shellPath = /bin/sh;
			shellScript = "diff \"${PODS_ROOT}/../Podfile.lock\" \"${PODS_ROOT}/Manifest.lock\" > /dev/null\nif [ $? != 0 ] ; then\n    # print error to STDERR\n    echo \"error: The sandbox is not in sync with the Podfile.lock. Run 'pod install' or update your CocoaPods installation.\" >&2\n    exit 1\nfi\n";
			showEnvVarsInLog = 0;
		};
		A35672BAC0494F6CF19589AA /* [CP] Embed Pods Frameworks */ = {
			isa = PBXShellScriptBuildPhase;
			buildActionMask = 2147483647;
			files = (
			);
			inputPaths = (
			);
			name = "[CP] Embed Pods Frameworks";
			outputPaths = (
			);
			runOnlyForDeploymentPostprocessing = 0;
			shellPath = /bin/sh;
			shellScript = "\"${SRCROOT}/Pods/Target Support Files/Pods-Puzzle/Pods-Puzzle-frameworks.sh\"\n";
			showEnvVarsInLog = 0;
		};
		B892AE7AC4DA047BA018BBFA /* [CP] Check Pods Manifest.lock */ = {
			isa = PBXShellScriptBuildPhase;
			buildActionMask = 2147483647;
			files = (
			);
			inputPaths = (
			);
			name = "[CP] Check Pods Manifest.lock";
			outputPaths = (
			);
			runOnlyForDeploymentPostprocessing = 0;
			shellPath = /bin/sh;
			shellScript = "diff \"${PODS_ROOT}/../Podfile.lock\" \"${PODS_ROOT}/Manifest.lock\" > /dev/null\nif [ $? != 0 ] ; then\n    # print error to STDERR\n    echo \"error: The sandbox is not in sync with the Podfile.lock. Run 'pod install' or update your CocoaPods installation.\" >&2\n    exit 1\nfi\n";
			showEnvVarsInLog = 0;
		};
		EF23D6B3AD5785612519278B /* [CP] Copy Pods Resources */ = {
			isa = PBXShellScriptBuildPhase;
			buildActionMask = 2147483647;
			files = (
			);
			inputPaths = (
			);
			name = "[CP] Copy Pods Resources";
			outputPaths = (
			);
			runOnlyForDeploymentPostprocessing = 0;
			shellPath = /bin/sh;
			shellScript = "\"${SRCROOT}/Pods/Target Support Files/Pods-Puzzle/Pods-Puzzle-resources.sh\"\n";
			showEnvVarsInLog = 0;
		};
/* End PBXShellScriptBuildPhase section */

/* Begin PBXSourcesBuildPhase section */
		B4766E991E365E3600E53F7F /* Sources */ = {
			isa = PBXSourcesBuildPhase;
			buildActionMask = 2147483647;
			files = (
				B1D05A8E1E36A73D00AB0D87 /* User.swift in Sources */,
				B1673D281E3CF09F004600AB /* UIColor+Design.swift in Sources */,
				B1673D2C1E3CF0BC004600AB /* UILabel+Design.swift in Sources */,
				B1673D301E3CF0D8004600AB /* UIView+Constraints.swift in Sources */,
				B1673D0B1E3CC85F004600AB /* AccountCreationVC+KeyboardNotification.swift in Sources */,
				B1673D1A1E3CC88A004600AB /* LoginVC+TextFieldDelegate.swift in Sources */,
				B46626401E3B61EB00B372CB /* ChildCreationVC.swift in Sources */,
				B1673D381E3CF0FE004600AB /* String+Uid.swift in Sources */,
				B49B07021E3B95CF009A1B1B /* CoreDataStack.swift in Sources */,
				B1673D2E1E3CF0C9004600AB /* UITextField+Design.swift in Sources */,
				B1673D181E3CC88A004600AB /* LoginVC+LoginDelegate.swift in Sources */,
				B1673D0A1E3CC85F004600AB /* AccountCreationVC+AccountCreationDelegate.swift in Sources */,
				B1673D121E3CC87E004600AB /* ChildCreationVC+ChildCreationDelegate.swift in Sources */,
				B46626421E3B6A9F00B372CB /* ChildCreationVM.swift in Sources */,
				B410F6C21E433B0200598D36 /* AccountCreationVC+PasscodeDelegate.swift in Sources */,
				B1673D141E3CC87E004600AB /* ChildCreationVC+TextFieldDelegate.swift in Sources */,
				B1D05A801E36A72800AB0D87 /* AppDelegate.swift in Sources */,
				B410F6CC1E4347EC00598D36 /* PasscodeVC.swift in Sources */,
				B1673D371E3CF0FE004600AB /* String+VisualFormat.swift in Sources */,
				B1673D2A1E3CF0AF004600AB /* UIFont+HelveticaNeue.swift in Sources */,
				B1673D321E3CF0E7004600AB /* Date+Format.swift in Sources */,
				B1673D0E1E3CC874004600AB /* ChildSelectionVC+AutoLayout.swift in Sources */,
				B1D05A8B1E36A73D00AB0D87 /* Children.swift in Sources */,
				B1673D361E3CF0FE004600AB /* String+Validation.swift in Sources */,
				B1D05ACB1E36BAC700AB0D87 /* AccountCreationVM.swift in Sources */,
				B1673D0C1E3CC85F004600AB /* AccountCreationVC+TextFieldDelegate.swift in Sources */,
				B410F6CA1E4347E200598D36 /* PasscodeVC+PasswordInputCompleteProtocol.swift in Sources */,
				B1673D3A1E41445A004600AB /* UserObject.swift in Sources */,
				B1D05A961E36A75000AB0D87 /* LoginVC.swift in Sources */,
				B1D05A8C1E36A73D00AB0D87 /* User+Properties.swift in Sources */,
				B410F6C51E4346C900598D36 /* GameMenuVC+PasscodeDelegate.swift in Sources */,
				B457EBA61E38C5F200A72CF3 /* ChildSelectionVM.swift in Sources */,
				B1D05AD31E36BADD00AB0D87 /* AccountCreationVC.swift in Sources */,
				B457EBA41E38C2C200A72CF3 /* ChildSelectionVC.swift in Sources */,
				B1D05A861E36A73400AB0D87 /* LoginVM.swift in Sources */,
				B1673D131E3CC87E004600AB /* ChildCreationVC+KeyboardNotification.swift in Sources */,
				B1673D261E3CF091004600AB /* UIButton+IntrinsicContentSize.swift in Sources */,
				B410F6B41E4206B700598D36 /* GameMenuVC.swift in Sources */,
				B1673D251E3CF091004600AB /* UIButton+Design.swift in Sources */,
				B1D05A8D1E36A73D00AB0D87 /* Children+Properties.swift in Sources */,
				B1D05A7F1E36A72800AB0D87 /* Puzzle.xcdatamodeld in Sources */,
				B410F6B61E420E1F00598D36 /* ChildObject.swift in Sources */,
				B1673D191E3CC88A004600AB /* LoginVC+KeyboardNotification.swift in Sources */,
			);
			runOnlyForDeploymentPostprocessing = 0;
		};
		B4766EB01E365E3700E53F7F /* Sources */ = {
			isa = PBXSourcesBuildPhase;
			buildActionMask = 2147483647;
			files = (
				B1D05A571E36953C00AB0D87 /* AccountCreation.swift in Sources */,
				B4766EB91E365E3700E53F7F /* PuzzleTests.swift in Sources */,
				B1D05A551E36953500AB0D87 /* Login.swift in Sources */,
				B1D05A5A1E36956D00AB0D87 /* LoginSteps.swift in Sources */,
				B1D05A5B1E36956D00AB0D87 /* AccountCreationSteps.swift in Sources */,
			);
			runOnlyForDeploymentPostprocessing = 0;
		};
		B4766EBB1E365E3700E53F7F /* Sources */ = {
			isa = PBXSourcesBuildPhase;
			buildActionMask = 2147483647;
			files = (
				B457EBAC1E38E2EE00A72CF3 /* ChildSelectionUITests.swift in Sources */,
				B49B06FE1E3B8998009A1B1B /* ChildCreationUITests.swift in Sources */,
				B4766EC41E365E3700E53F7F /* PuzzleUITests.swift in Sources */,
				B41447801E37B7B4003064C0 /* XCUIElement+Paste.swift in Sources */,
				B457EBAA1E38E28700A72CF3 /* AccountCreationUITests.swift in Sources */,
				B457EBA81E38E24F00A72CF3 /* LoginUITests.swift in Sources */,
			);
			runOnlyForDeploymentPostprocessing = 0;
		};
/* End PBXSourcesBuildPhase section */

/* Begin PBXTargetDependency section */
		B4766EB61E365E3700E53F7F /* PBXTargetDependency */ = {
			isa = PBXTargetDependency;
			target = B4766E9C1E365E3600E53F7F /* Puzzle */;
			targetProxy = B4766EB51E365E3700E53F7F /* PBXContainerItemProxy */;
		};
		B4766EC11E365E3700E53F7F /* PBXTargetDependency */ = {
			isa = PBXTargetDependency;
			target = B4766E9C1E365E3600E53F7F /* Puzzle */;
			targetProxy = B4766EC01E365E3700E53F7F /* PBXContainerItemProxy */;
		};
/* End PBXTargetDependency section */

/* Begin PBXVariantGroup section */
		B1D05A971E36A75800AB0D87 /* LaunchScreen.storyboard */ = {
			isa = PBXVariantGroup;
			children = (
				B1D05A981E36A75800AB0D87 /* Base */,
			);
			name = LaunchScreen.storyboard;
			sourceTree = "<group>";
		};
		B1D05A991E36A75800AB0D87 /* Main.storyboard */ = {
			isa = PBXVariantGroup;
			children = (
				B1D05A9A1E36A75800AB0D87 /* Base */,
			);
			name = Main.storyboard;
			sourceTree = "<group>";
		};
		B1D05AF91E36CC0A00AB0D87 /* Localizable.strings */ = {
			isa = PBXVariantGroup;
			children = (
				B1D05AFA1E36CC0A00AB0D87 /* Base */,
			);
			name = Localizable.strings;
			sourceTree = "<group>";
		};
/* End PBXVariantGroup section */

/* Begin XCBuildConfiguration section */
		B4766EC61E365E3700E53F7F /* Debug */ = {
			isa = XCBuildConfiguration;
			buildSettings = {
				ALWAYS_SEARCH_USER_PATHS = NO;
				CLANG_ANALYZER_NONNULL = YES;
				CLANG_CXX_LANGUAGE_STANDARD = "gnu++0x";
				CLANG_CXX_LIBRARY = "libc++";
				CLANG_ENABLE_MODULES = YES;
				CLANG_ENABLE_OBJC_ARC = YES;
				CLANG_WARN_BOOL_CONVERSION = YES;
				CLANG_WARN_CONSTANT_CONVERSION = YES;
				CLANG_WARN_DIRECT_OBJC_ISA_USAGE = YES_ERROR;
				CLANG_WARN_DOCUMENTATION_COMMENTS = YES;
				CLANG_WARN_EMPTY_BODY = YES;
				CLANG_WARN_ENUM_CONVERSION = YES;
				CLANG_WARN_INFINITE_RECURSION = YES;
				CLANG_WARN_INT_CONVERSION = YES;
				CLANG_WARN_OBJC_ROOT_CLASS = YES_ERROR;
				CLANG_WARN_SUSPICIOUS_MOVE = YES;
				CLANG_WARN_UNREACHABLE_CODE = YES;
				CLANG_WARN__DUPLICATE_METHOD_MATCH = YES;
				"CODE_SIGN_IDENTITY[sdk=iphoneos*]" = "iPhone Developer";
				COPY_PHASE_STRIP = NO;
				DEBUG_INFORMATION_FORMAT = dwarf;
				ENABLE_STRICT_OBJC_MSGSEND = YES;
				ENABLE_TESTABILITY = YES;
				GCC_C_LANGUAGE_STANDARD = gnu99;
				GCC_DYNAMIC_NO_PIC = NO;
				GCC_NO_COMMON_BLOCKS = YES;
				GCC_OPTIMIZATION_LEVEL = 0;
				GCC_PREPROCESSOR_DEFINITIONS = (
					"DEBUG=1",
					"$(inherited)",
				);
				GCC_WARN_64_TO_32_BIT_CONVERSION = YES;
				GCC_WARN_ABOUT_RETURN_TYPE = YES_ERROR;
				GCC_WARN_UNDECLARED_SELECTOR = YES;
				GCC_WARN_UNINITIALIZED_AUTOS = YES_AGGRESSIVE;
				GCC_WARN_UNUSED_FUNCTION = YES;
				GCC_WARN_UNUSED_VARIABLE = YES;
				IPHONEOS_DEPLOYMENT_TARGET = 10.2;
				MTL_ENABLE_DEBUG_INFO = YES;
				ONLY_ACTIVE_ARCH = YES;
				SDKROOT = iphoneos;
				SWIFT_ACTIVE_COMPILATION_CONDITIONS = DEBUG;
				SWIFT_OPTIMIZATION_LEVEL = "-Onone";
				TARGETED_DEVICE_FAMILY = "1,2";
			};
			name = Debug;
		};
		B4766EC71E365E3700E53F7F /* Release */ = {
			isa = XCBuildConfiguration;
			buildSettings = {
				ALWAYS_SEARCH_USER_PATHS = NO;
				CLANG_ANALYZER_NONNULL = YES;
				CLANG_CXX_LANGUAGE_STANDARD = "gnu++0x";
				CLANG_CXX_LIBRARY = "libc++";
				CLANG_ENABLE_MODULES = YES;
				CLANG_ENABLE_OBJC_ARC = YES;
				CLANG_WARN_BOOL_CONVERSION = YES;
				CLANG_WARN_CONSTANT_CONVERSION = YES;
				CLANG_WARN_DIRECT_OBJC_ISA_USAGE = YES_ERROR;
				CLANG_WARN_DOCUMENTATION_COMMENTS = YES;
				CLANG_WARN_EMPTY_BODY = YES;
				CLANG_WARN_ENUM_CONVERSION = YES;
				CLANG_WARN_INFINITE_RECURSION = YES;
				CLANG_WARN_INT_CONVERSION = YES;
				CLANG_WARN_OBJC_ROOT_CLASS = YES_ERROR;
				CLANG_WARN_SUSPICIOUS_MOVE = YES;
				CLANG_WARN_UNREACHABLE_CODE = YES;
				CLANG_WARN__DUPLICATE_METHOD_MATCH = YES;
				"CODE_SIGN_IDENTITY[sdk=iphoneos*]" = "iPhone Developer";
				COPY_PHASE_STRIP = NO;
				DEBUG_INFORMATION_FORMAT = "dwarf-with-dsym";
				ENABLE_NS_ASSERTIONS = NO;
				ENABLE_STRICT_OBJC_MSGSEND = YES;
				GCC_C_LANGUAGE_STANDARD = gnu99;
				GCC_NO_COMMON_BLOCKS = YES;
				GCC_WARN_64_TO_32_BIT_CONVERSION = YES;
				GCC_WARN_ABOUT_RETURN_TYPE = YES_ERROR;
				GCC_WARN_UNDECLARED_SELECTOR = YES;
				GCC_WARN_UNINITIALIZED_AUTOS = YES_AGGRESSIVE;
				GCC_WARN_UNUSED_FUNCTION = YES;
				GCC_WARN_UNUSED_VARIABLE = YES;
				IPHONEOS_DEPLOYMENT_TARGET = 10.2;
				MTL_ENABLE_DEBUG_INFO = NO;
				SDKROOT = iphoneos;
				SWIFT_OPTIMIZATION_LEVEL = "-Owholemodule";
				TARGETED_DEVICE_FAMILY = "1,2";
				VALIDATE_PRODUCT = YES;
			};
			name = Release;
		};
		B4766EC91E365E3700E53F7F /* Debug */ = {
			isa = XCBuildConfiguration;
			baseConfigurationReference = 7646BBA7D2D12A5686A2155D /* Pods-Puzzle.debug.xcconfig */;
			buildSettings = {
				ASSETCATALOG_COMPILER_APPICON_NAME = AppIcon;
				ASSETCATALOG_COMPILER_LAUNCHIMAGE_NAME = LaunchImage;
				CLANG_ENABLE_MODULES = YES;
				DEVELOPMENT_TEAM = 739FYFHB3R;
				INFOPLIST_FILE = Puzzle/Info.plist;
				IPHONEOS_DEPLOYMENT_TARGET = 10.2;
				LD_RUNPATH_SEARCH_PATHS = "$(inherited) @executable_path/Frameworks";
				PRODUCT_BUNDLE_IDENTIFIER = com.cdeust.Puzzle;
				PRODUCT_NAME = "$(TARGET_NAME)";
				SWIFT_OPTIMIZATION_LEVEL = "-Onone";
				SWIFT_VERSION = 3.0;
			};
			name = Debug;
		};
		B4766ECA1E365E3700E53F7F /* Release */ = {
			isa = XCBuildConfiguration;
			baseConfigurationReference = 887E4A1CF3EDBECA75F5343B /* Pods-Puzzle.release.xcconfig */;
			buildSettings = {
				ASSETCATALOG_COMPILER_APPICON_NAME = AppIcon;
				ASSETCATALOG_COMPILER_LAUNCHIMAGE_NAME = LaunchImage;
				CLANG_ENABLE_MODULES = YES;
				DEVELOPMENT_TEAM = 739FYFHB3R;
				INFOPLIST_FILE = Puzzle/Info.plist;
				IPHONEOS_DEPLOYMENT_TARGET = 10.2;
				LD_RUNPATH_SEARCH_PATHS = "$(inherited) @executable_path/Frameworks";
				PRODUCT_BUNDLE_IDENTIFIER = com.cdeust.Puzzle;
				PRODUCT_NAME = "$(TARGET_NAME)";
				SWIFT_VERSION = 3.0;
			};
			name = Release;
		};
		B4766ECC1E365E3700E53F7F /* Debug */ = {
			isa = XCBuildConfiguration;
			baseConfigurationReference = 34EBD832851B489A8D077CF9 /* Pods-PuzzleTests.debug.xcconfig */;
			buildSettings = {
				ALWAYS_EMBED_SWIFT_STANDARD_LIBRARIES = YES;
				BUNDLE_LOADER = "$(TEST_HOST)";
				DEVELOPMENT_TEAM = 739FYFHB3R;
				INFOPLIST_FILE = PuzzleTests/Info.plist;
				LD_RUNPATH_SEARCH_PATHS = "$(inherited) @executable_path/Frameworks @loader_path/Frameworks";
				PRODUCT_BUNDLE_IDENTIFIER = com.cdeust.PuzzleTests;
				PRODUCT_NAME = "$(TARGET_NAME)";
				SWIFT_VERSION = 3.0;
				TEST_HOST = "$(BUILT_PRODUCTS_DIR)/Puzzle.app/Puzzle";
			};
			name = Debug;
		};
		B4766ECD1E365E3700E53F7F /* Release */ = {
			isa = XCBuildConfiguration;
			baseConfigurationReference = 74C752FE70594EC6F93B3C84 /* Pods-PuzzleTests.release.xcconfig */;
			buildSettings = {
				ALWAYS_EMBED_SWIFT_STANDARD_LIBRARIES = YES;
				BUNDLE_LOADER = "$(TEST_HOST)";
				DEVELOPMENT_TEAM = 739FYFHB3R;
				INFOPLIST_FILE = PuzzleTests/Info.plist;
				LD_RUNPATH_SEARCH_PATHS = "$(inherited) @executable_path/Frameworks @loader_path/Frameworks";
				PRODUCT_BUNDLE_IDENTIFIER = com.cdeust.PuzzleTests;
				PRODUCT_NAME = "$(TARGET_NAME)";
				SWIFT_VERSION = 3.0;
				TEST_HOST = "$(BUILT_PRODUCTS_DIR)/Puzzle.app/Puzzle";
			};
			name = Release;
		};
		B4766ECF1E365E3700E53F7F /* Debug */ = {
			isa = XCBuildConfiguration;
			baseConfigurationReference = 3D99B28C0464C2FCDB9545DC /* Pods-PuzzleUITests.debug.xcconfig */;
			buildSettings = {
				ALWAYS_EMBED_SWIFT_STANDARD_LIBRARIES = YES;
				DEVELOPMENT_TEAM = 739FYFHB3R;
				INFOPLIST_FILE = PuzzleUITests/Info.plist;
				LD_RUNPATH_SEARCH_PATHS = "$(inherited) @executable_path/Frameworks @loader_path/Frameworks";
				PRODUCT_BUNDLE_IDENTIFIER = com.cdeust.PuzzleUITests;
				PRODUCT_NAME = "$(TARGET_NAME)";
				SWIFT_VERSION = 3.0;
				TEST_TARGET_NAME = Puzzle;
			};
			name = Debug;
		};
		B4766ED01E365E3700E53F7F /* Release */ = {
			isa = XCBuildConfiguration;
			baseConfigurationReference = 7BEA53F65A0FBC7B0B4BE2F0 /* Pods-PuzzleUITests.release.xcconfig */;
			buildSettings = {
				ALWAYS_EMBED_SWIFT_STANDARD_LIBRARIES = YES;
				DEVELOPMENT_TEAM = 739FYFHB3R;
				INFOPLIST_FILE = PuzzleUITests/Info.plist;
				LD_RUNPATH_SEARCH_PATHS = "$(inherited) @executable_path/Frameworks @loader_path/Frameworks";
				PRODUCT_BUNDLE_IDENTIFIER = com.cdeust.PuzzleUITests;
				PRODUCT_NAME = "$(TARGET_NAME)";
				SWIFT_VERSION = 3.0;
				TEST_TARGET_NAME = Puzzle;
			};
			name = Release;
		};
/* End XCBuildConfiguration section */

/* Begin XCConfigurationList section */
		B4766E981E365E3600E53F7F /* Build configuration list for PBXProject "Puzzle" */ = {
			isa = XCConfigurationList;
			buildConfigurations = (
				B4766EC61E365E3700E53F7F /* Debug */,
				B4766EC71E365E3700E53F7F /* Release */,
			);
			defaultConfigurationIsVisible = 0;
			defaultConfigurationName = Release;
		};
		B4766EC81E365E3700E53F7F /* Build configuration list for PBXNativeTarget "Puzzle" */ = {
			isa = XCConfigurationList;
			buildConfigurations = (
				B4766EC91E365E3700E53F7F /* Debug */,
				B4766ECA1E365E3700E53F7F /* Release */,
			);
			defaultConfigurationIsVisible = 0;
			defaultConfigurationName = Release;
		};
		B4766ECB1E365E3700E53F7F /* Build configuration list for PBXNativeTarget "PuzzleTests" */ = {
			isa = XCConfigurationList;
			buildConfigurations = (
				B4766ECC1E365E3700E53F7F /* Debug */,
				B4766ECD1E365E3700E53F7F /* Release */,
			);
			defaultConfigurationIsVisible = 0;
			defaultConfigurationName = Release;
		};
		B4766ECE1E365E3700E53F7F /* Build configuration list for PBXNativeTarget "PuzzleUITests" */ = {
			isa = XCConfigurationList;
			buildConfigurations = (
				B4766ECF1E365E3700E53F7F /* Debug */,
				B4766ED01E365E3700E53F7F /* Release */,
			);
			defaultConfigurationIsVisible = 0;
			defaultConfigurationName = Release;
		};
/* End XCConfigurationList section */

/* Begin XCVersionGroup section */
		B1D05A7A1E36A72800AB0D87 /* Puzzle.xcdatamodeld */ = {
			isa = XCVersionGroup;
			children = (
				B1D05A7B1E36A72800AB0D87 /* Puzzle.xcdatamodel */,
			);
			currentVersion = B1D05A7B1E36A72800AB0D87 /* Puzzle.xcdatamodel */;
			name = Puzzle.xcdatamodeld;
			path = Puzzle/Puzzle.xcdatamodeld;
			sourceTree = "<group>";
			versionGroupType = wrapper.xcdatamodel;
		};
/* End XCVersionGroup section */
	};
	rootObject = B4766E951E365E3600E53F7F /* Project object */;
}
